
Microsoft Visual Studio Solution File, Format Version 12.00
# Visual Studio 15
VisualStudioVersion = 15.0.28307.106
MinimumVisualStudioVersion = 10.0.40219.1
Project("{FAE04EC0-301F-11D3-BF4B-00C04F79EFBC}") = "CitizenScience-UIPrototype", "CitizenScience-UIPrototype\CitizenScience-UIPrototype.csproj", "{8019367A-7436-4A0C-9AE9-1EEBB3D0AABB}"
EndProject
Global
	GlobalSection(SolutionConfigurationPlatforms) = preSolution
		Debug|Any CPU = Debug|Any CPU
		Release|Any CPU = Release|Any CPU
	EndGlobalSection
	GlobalSection(ProjectConfigurationPlatforms) = postSolution
		{8019367A-7436-4A0C-9AE9-1EEBB3D0AABB}.Debug|Any CPU.ActiveCfg = Debug|Any CPU
		{8019367A-7436-4A0C-9AE9-1EEBB3D0AABB}.Debug|Any CPU.Build.0 = Debug|Any CPU
		{8019367A-7436-4A0C-9AE9-1EEBB3D0AABB}.Release|Any CPU.ActiveCfg = Release|Any CPU
		{8019367A-7436-4A0C-9AE9-1EEBB3D0AABB}.Release|Any CPU.Build.0 = Release|Any CPU
	EndGlobalSection
	GlobalSection(SolutionProperties) = preSolution
		HideSolutionNode = FALSE
	EndGlobalSection
	GlobalSection(ExtensibilityGlobals) = postSolution
		SolutionGuid = {4839991C-297A-4448-99C6-FDA59960F4AE}
	EndGlobalSection
EndGlobal
